// !$*UTF8*$!
{
	archiveVersion = 1;
	classes = {
	};
	objectVersion = 48;
	objects = {

/* Begin PBXBuildFile section */
		231024CB20B25C52002978F8 /* AppDelegate.swift in Sources */ = {isa = PBXBuildFile; fileRef = 231024CA20B25C52002978F8 /* AppDelegate.swift */; };
		231024CD20B25C52002978F8 /* ViewController.swift in Sources */ = {isa = PBXBuildFile; fileRef = 231024CC20B25C52002978F8 /* ViewController.swift */; };
		231024D020B25C52002978F8 /* Main.storyboard in Resources */ = {isa = PBXBuildFile; fileRef = 231024CE20B25C52002978F8 /* Main.storyboard */; };
		231024D220B25C52002978F8 /* Assets.xcassets in Resources */ = {isa = PBXBuildFile; fileRef = 231024D120B25C52002978F8 /* Assets.xcassets */; };
		231024D520B25C52002978F8 /* LaunchScreen.storyboard in Resources */ = {isa = PBXBuildFile; fileRef = 231024D320B25C52002978F8 /* LaunchScreen.storyboard */; };
		231024DE20B25D32002978F8 /* TableHeaderViewZoom.swift in Sources */ = {isa = PBXBuildFile; fileRef = 231024DD20B25D32002978F8 /* TableHeaderViewZoom.swift */; };
/* End PBXBuildFile section */

/* Begin PBXFileReference section */
		231024C720B25C52002978F8 /* TableHeaderViewZoom.app */ = {isa = PBXFileReference; explicitFileType = wrapper.application; includeInIndex = 0; path = TableHeaderViewZoom.app; sourceTree = BUILT_PRODUCTS_DIR; };
		231024CA20B25C52002978F8 /* AppDelegate.swift */ = {isa = PBXFileReference; lastKnownFileType = sourcecode.swift; path = AppDelegate.swift; sourceTree = "<group>"; };
		231024CC20B25C52002978F8 /* ViewController.swift */ = {isa = PBXFileReference; lastKnownFileType = sourcecode.swift; path = ViewController.swift; sourceTree = "<group>"; };
		231024CF20B25C52002978F8 /* Base */ = {isa = PBXFileReference; lastKnownFileType = file.storyboard; name = Base; path = Base.lproj/Main.storyboard; sourceTree = "<group>"; };
		231024D120B25C52002978F8 /* Assets.xcassets */ = {isa = PBXFileReference; lastKnownFileType = folder.assetcatalog; path = Assets.xcassets; sourceTree = "<group>"; };
		231024D420B25C52002978F8 /* Base */ = {isa = PBXFileReference; lastKnownFileType = file.storyboard; name = Base; path = Base.lproj/LaunchScreen.storyboard; sourceTree = "<group>"; };
		231024D620B25C52002978F8 /* Info.plist */ = {isa = PBXFileReference; lastKnownFileType = text.plist.xml; path = Info.plist; sourceTree = "<group>"; };
		231024DD20B25D32002978F8 /* TableHeaderViewZoom.swift */ = {isa = PBXFileReference; lastKnownFileType = sourcecode.swift; path = TableHeaderViewZoom.swift; sourceTree = "<group>"; };
/* End PBXFileReference section */

/* Begin PBXFrameworksBuildPhase section */
		231024C420B25C52002978F8 /* Frameworks */ = {
			isa = PBXFrameworksBuildPhase;
			buildActionMask = 2147483647;
			files = (
			);
			runOnlyForDeploymentPostprocessing = 0;
		};
/* End PBXFrameworksBuildPhase section */

/* Begin PBXGroup section */
		231024BE20B25C51002978F8 = {
			isa = PBXGroup;
			children = (
				231024C920B25C52002978F8 /* TableHeaderViewZoom */,
				231024C820B25C52002978F8 /* Products */,
			);
			sourceTree = "<group>";
		};
		231024C820B25C52002978F8 /* Products */ = {
			isa = PBXGroup;
			children = (
				231024C720B25C52002978F8 /* TableHeaderViewZoom.app */,
			);
			name = Products;
			sourceTree = "<group>";
		};
		231024C920B25C52002978F8 /* TableHeaderViewZoom */ = {
			isa = PBXGroup;
			children = (
				231024DC20B25C9F002978F8 /* Tool */,
				231024CA20B25C52002978F8 /* AppDelegate.swift */,
				231024CC20B25C52002978F8 /* ViewController.swift */,
				231024CE20B25C52002978F8 /* Main.storyboard */,
				231024D120B25C52002978F8 /* Assets.xcassets */,
				231024D320B25C52002978F8 /* LaunchScreen.storyboard */,
				231024D620B25C52002978F8 /* Info.plist */,
			);
			path = TableHeaderViewZoom;
			sourceTree = "<group>";
		};
		231024DC20B25C9F002978F8 /* Tool */ = {
			isa = PBXGroup;
			children = (
				231024DD20B25D32002978F8 /* TableHeaderViewZoom.swift */,
			);
			path = Tool;
			sourceTree = "<group>";
		};
/* End PBXGroup section */

/* Begin PBXNativeTarget section */
		231024C620B25C52002978F8 /* TableHeaderViewZoom */ = {
			isa = PBXNativeTarget;
			buildConfigurationList = 231024D920B25C52002978F8 /* Build configuration list for PBXNativeTarget "TableHeaderViewZoom" */;
			buildPhases = (
				231024C320B25C52002978F8 /* Sources */,
				231024C420B25C52002978F8 /* Frameworks */,
				231024C520B25C52002978F8 /* Resources */,
			);
			buildRules = (
			);
			dependencies = (
			);
			name = TableHeaderViewZoom;
			productName = TableHeaderViewZoom;
			productReference = 231024C720B25C52002978F8 /* TableHeaderViewZoom.app */;
			productType = "com.apple.product-type.application";
		};
/* End PBXNativeTarget section */

/* Begin PBXProject section */
		231024BF20B25C51002978F8 /* Project object */ = {
			isa = PBXProject;
			attributes = {
				LastSwiftUpdateCheck = 0900;
				LastUpgradeCheck = 0900;
				ORGANIZATIONNAME = HeQing;
				TargetAttributes = {
					231024C620B25C52002978F8 = {
						CreatedOnToolsVersion = 9.0;
						ProvisioningStyle = Automatic;
					};
				};
			};
			buildConfigurationList = 231024C220B25C52002978F8 /* Build configuration list for PBXProject "TableHeaderViewZoom" */;
			compatibilityVersion = "Xcode 8.0";
			developmentRegion = en;
			hasScannedForEncodings = 0;
			knownRegions = (
				en,
				Base,
			);
			mainGroup = 231024BE20B25C51002978F8;
			productRefGroup = 231024C820B25C52002978F8 /* Products */;
			projectDirPath = "";
			projectRoot = "";
			targets = (
				231024C620B25C52002978F8 /* TableHeaderViewZoom */,
			);
		};
/* End PBXProject section */

/* Begin PBXResourcesBuildPhase section */
		231024C520B25C52002978F8 /* Resources */ = {
			isa = PBXResourcesBuildPhase;
			buildActionMask = 2147483647;
			files = (
				231024D520B25C52002978F8 /* LaunchScreen.storyboard in Resources */,
				231024D220B25C52002978F8 /* Assets.xcassets in Resources */,
				231024D020B25C52002978F8 /* Main.storyboard in Resources */,
			);
			runOnlyForDeploymentPostprocessing = 0;
		};
/* End PBXResourcesBuildPhase section */

/* Begin PBXSourcesBuildPhase section */
		231024C320B25C52002978F8 /* Sources */ = {
			isa = PBXSourcesBuildPhase;
			buildActionMask = 2147483647;
			files = (
				231024CD20B25C52002978F8 /* ViewController.swift in Sources */,
				231024DE20B25D32002978F8 /* TableHeaderViewZoom.swift in Sources */,
				231024CB20B25C52002978F8 /* AppDelegate.swift in Sources */,
			);
			runOnlyForDeploymentPostprocessing = 0;
		};
/* End PBXSourcesBuildPhase section */

/* Begin PBXVariantGroup section */
		231024CE20B25C52002978F8 /* Main.storyboard */ = {
			isa = PBXVariantGroup;
			children = (
				231024CF20B25C52002978F8 /* Base */,
			);
			name = Main.storyboard;
			sourceTree = "<group>";
		};
		231024D320B25C52002978F8 /* LaunchScreen.storyboard */ = {
			isa = PBXVariantGroup;
			children = (
				231024D420B25C52002978F8 /* Base */,
			);
			name = LaunchScreen.storyboard;
			sourceTree = "<group>";
		};
/* End PBXVariantGroup section */

/* Begin XCBuildConfiguration section */
		231024D720B25C52002978F8 /* Debug */ = {
			isa = XCBuildConfiguration;
			buildSettings = {
				ALWAYS_SEARCH_USER_PATHS = NO;
				CLANG_ANALYZER_NONNULL = YES;
				CLANG_ANALYZER_NUMBER_OBJECT_CONVERSION = YES_AGGRESSIVE;
				CLANG_CXX_LANGUAGE_STANDARD = "gnu++14";
				CLANG_CXX_LIBRARY = "libc++";
				CLANG_ENABLE_MODULES = YES;
				CLANG_ENABLE_OBJC_ARC = YES;
				CLANG_WARN_BLOCK_CAPTURE_AUTORELEASING = YES;
				CLANG_WARN_BOOL_CONVERSION = YES;
				CLANG_WARN_COMMA = YES;
				CLANG_WARN_CONSTANT_CONVERSION = YES;
				CLANG_WARN_DIRECT_OBJC_ISA_USAGE = YES_ERROR;
				CLANG_WARN_DOCUMENTATION_COMMENTS = YES;
				CLANG_WARN_EMPTY_BODY = YES;
				CLANG_WARN_ENUM_CONVERSION = YES;
				CLANG_WARN_INFINITE_RECURSION = YES;
				CLANG_WARN_INT_CONVERSION = YES;
				CLANG_WARN_NON_LITERAL_NULL_CONVERSION = YES;
				CLANG_WARN_OBJC_LITERAL_CONVERSION = YES;
				CLANG_WARN_OBJC_ROOT_CLASS = YES_ERROR;
				CLANG_WARN_RANGE_LOOP_ANALYSIS = YES;
				CLANG_WARN_STRICT_PROTOTYPES = YES;
				CLANG_WARN_SUSPICIOUS_MOVE = YES;
				CLANG_WARN_UNGUARDED_AVAILABILITY = YES_AGGRESSIVE;
				CLANG_WARN_UNREACHABLE_CODE = YES;
				CLANG_WARN__DUPLICATE_METHOD_MATCH = YES;
				CODE_SIGN_IDENTITY = "iPhone Developer";
				COPY_PHASE_STRIP = NO;
				DEBUG_INFORMATION_FORMAT = dwarf;
				ENABLE_STRICT_OBJC_MSGSEND = YES;
				ENABLE_TESTABILITY = YES;
				GCC_C_LANGUAGE_STANDARD = gnu11;
				GCC_DYNAMIC_NO_PIC = NO;
				GCC_NO_COMMON_BLOCKS = YES;
				GCC_OPTIMIZATION_LEVEL = 0;
				GCC_PREPROCESSOR_DEFINITIONS = (
					"DEBUG=1",
					"$(inherited)",
				);
				GCC_WARN_64_TO_32_BIT_CONVERSION = YES;
				GCC_WARN_ABOUT_RETURN_TYPE = YES_ERROR;
				GCC_WARN_UNDECLARED_SELECTOR = YES;
				GCC_WARN_UNINITIALIZED_AUTOS = YES_AGGRESSIVE;
				GCC_WARN_UNUSED_FUNCTION = YES;
				GCC_WARN_UNUSED_VARIABLE = YES;
				IPHONEOS_DEPLOYMENT_TARGET = 11.0;
				MTL_ENABLE_DEBUG_INFO = YES;
				ONLY_ACTIVE_ARCH = YES;
				SDKROOT = iphoneos;
				SWIFT_ACTIVE_COMPILATION_CONDITIONS = DEBUG;
				SWIFT_OPTIMIZATION_LEVEL = "-Onone";
			};
			name = Debug;
		};
		231024D820B25C52002978F8 /* Release */ = {
			isa = XCBuildConfiguration;
			buildSettings = {
				ALWAYS_SEARCH_USER_PATHS = NO;
				CLANG_ANALYZER_NONNULL = YES;
				CLANG_ANALYZER_NUMBER_OBJECT_CONVERSION = YES_AGGRESSIVE;
				CLANG_CXX_LANGUAGE_STANDARD = "gnu++14";
				CLANG_CXX_LIBRARY = "libc++";
				CLANG_ENABLE_MODULES = YES;
				CLANG_ENABLE_OBJC_ARC = YES;
				CLANG_WARN_BLOCK_CAPTURE_AUTORELEASING = YES;
				CLANG_WARN_BOOL_CONVERSION = YES;
				CLANG_WARN_COMMA = YES;
				CLANG_WARN_CONSTANT_CONVERSION = YES;
				CLANG_WARN_DIRECT_OBJC_ISA_USAGE = YES_ERROR;
				CLANG_WARN_DOCUMENTATION_COMMENTS = YES;
				CLANG_WARN_EMPTY_BODY = YES;
				CLANG_WARN_ENUM_CONVERSION = YES;
				CLANG_WARN_INFINITE_RECURSION = YES;
				CLANG_WARN_INT_CONVERSION = YES;
				CLANG_WARN_NON_LITERAL_NULL_CONVERSION = YES;
				CLANG_WARN_OBJC_LITERAL_CONVERSION = YES;
				CLANG_WARN_OBJC_ROOT_CLASS = YES_ERROR;
				CLANG_WARN_RANGE_LOOP_ANALYSIS = YES;
				CLANG_WARN_STRICT_PROTOTYPES = YES;
				CLANG_WARN_SUSPICIOUS_MOVE = YES;
				CLANG_WARN_UNGUARDED_AVAILABILITY = YES_AGGRESSIVE;
				CLANG_WARN_UNREACHABLE_CODE = YES;
				CLANG_WARN__DUPLICATE_METHOD_MATCH = YES;
				CODE_SIGN_IDENTITY = "iPhone Developer";
				COPY_PHASE_STRIP = NO;
				DEBUG_INFORMATION_FORMAT = "dwarf-with-dsym";
				ENABLE_NS_ASSERTIONS = NO;
				ENABLE_STRICT_OBJC_MSGSEND = YES;
				GCC_C_LANGUAGE_STANDARD = gnu11;
				GCC_NO_COMMON_BLOCKS = YES;
				GCC_WARN_64_TO_32_BIT_CONVERSION = YES;
				GCC_WARN_ABOUT_RETURN_TYPE = YES_ERROR;
				GCC_WARN_UNDECLARED_SELECTOR = YES;
				GCC_WARN_UNINITIALIZED_AUTOS = YES_AGGRESSIVE;
				GCC_WARN_UNUSED_FUNCTION = YES;
				GCC_WARN_UNUSED_VARIABLE = YES;
				IPHONEOS_DEPLOYMENT_TARGET = 11.0;
				MTL_ENABLE_DEBUG_INFO = NO;
				SDKROOT = iphoneos;
				SWIFT_OPTIMIZATION_LEVEL = "-Owholemodule";
				VALIDATE_PRODUCT = YES;
			};
			name = Release;
		};
		231024DA20B25C52002978F8 /* Debug */ = {
			isa = XCBuildConfiguration;
			buildSettings = {
				ASSETCATALOG_COMPILER_APPICON_NAME = AppIcon;
				CODE_SIGN_STYLE = Automatic;
				INFOPLIST_FILE = TableHeaderViewZoom/Info.plist;
				LD_RUNPATH_SEARCH_PATHS = "$(inherited) @executable_path/Frameworks";
				PRODUCT_BUNDLE_IDENTIFIER = com.cnki.TableHeaderViewZoom;
				PRODUCT_NAME = "$(TARGET_NAME)";
				SWIFT_VERSION = 4.0;
				TARGETED_DEVICE_FAMILY = "1,2";
			};
			name = Debug;
		};
		231024DB20B25C52002978F8 /* Release */ = {
			isa = XCBuildConfiguration;
			buildSettings = {
				ASSETCATALOG_COMPILER_APPICON_NAME = AppIcon;
				CODE_SIGN_STYLE = Automatic;
				INFOPLIST_FILE = TableHeaderViewZoom/Info.plist;
				LD_RUNPATH_SEARCH_PATHS = "$(inherited) @executable_path/Frameworks";
				PRODUCT_BUNDLE_IDENTIFIER = com.cnki.TableHeaderViewZoom;
				PRODUCT_NAME = "$(TARGET_NAME)";
				SWIFT_VERSION = 4.0;
				TARGETED_DEVICE_FAMILY = "1,2";
			};
			name = Release;
		};
/* End XCBuildConfiguration section */

/* Begin XCConfigurationList section */
		231024C220B25C52002978F8 /* Build configuration list for PBXProject "TableHeaderViewZoom" */ = {
			isa = XCConfigurationList;
			buildConfigurations = (
				231024D720B25C52002978F8 /* Debug */,
				231024D820B25C52002978F8 /* Release */,
			);
			defaultConfigurationIsVisible = 0;
			defaultConfigurationName = Release;
		};
		231024D920B25C52002978F8 /* Build configuration list for PBXNativeTarget "TableHeaderViewZoom" */ = {
			isa = XCConfigurationList;
			buildConfigurations = (
				231024DA20B25C52002978F8 /* Debug */,
				231024DB20B25C52002978F8 /* Release */,
			);
			defaultConfigurationIsVisible = 0;
			defaultConfigurationName = Release;
		};
/* End XCConfigurationList section */
	};
	rootObject = 231024BF20B25C51002978F8 /* Project object */;
}
